
Microsoft Visual Studio Solution File, Format Version 12.00
# Visual Studio Version 16
VisualStudioVersion = 16.0.30114.105
MinimumVisualStudioVersion = 10.0.40219.1
Project("{FAE04EC0-301F-11D3-BF4B-00C04F79EFBC}") = "EncontroPremium.Api", "EncontroPremium.Api\EncontroPremium.Api.csproj", "{92BC9028-B776-472C-A6B0-D1DD1D037C60}"
EndProject
Project("{FAE04EC0-301F-11D3-BF4B-00C04F79EFBC}") = "EncontroPremium.Core", "EncontroPremium.Core\EncontroPremium.Core.csproj", "{3AA86764-E907-4097-9E32-5E9606313F1F}"
EndProject
Project("{FAE04EC0-301F-11D3-BF4B-00C04F79EFBC}") = "EncontroPremium.Web", "EncontroPremium.Web\EncontroPremium.Web.csproj", "{6A2DFB53-CF82-4FDC-8B22-31220F9769D6}"
EndProject
Project("{FAE04EC0-301F-11D3-BF4B-00C04F79EFBC}") = "EncontroPremium.Components", "EncontroPremium.Components\EncontroPremium.Components.csproj", "{68EF959B-0341-4EBD-ADCD-A59D958FBF60}"
EndProject
Project("{FAE04EC0-301F-11D3-BF4B-00C04F79EFBC}") = "EncontroPremium.Pwa", "EncontroPremium.Pwa\EncontroPremium.Pwa.csproj", "{22B781D9-7E60-4B90-9418-38CDBAB2DA85}"
EndProject
Global
	GlobalSection(SolutionConfigurationPlatforms) = preSolution
		Debug|Any CPU = Debug|Any CPU
		Release|Any CPU = Release|Any CPU
	EndGlobalSection
	GlobalSection(SolutionProperties) = preSolution
		HideSolutionNode = FALSE
	EndGlobalSection
	GlobalSection(ProjectConfigurationPlatforms) = postSolution
		{92BC9028-B776-472C-A6B0-D1DD1D037C60}.Debug|Any CPU.ActiveCfg = Debug|Any CPU
		{92BC9028-B776-472C-A6B0-D1DD1D037C60}.Debug|Any CPU.Build.0 = Debug|Any CPU
		{92BC9028-B776-472C-A6B0-D1DD1D037C60}.Release|Any CPU.ActiveCfg = Release|Any CPU
		{92BC9028-B776-472C-A6B0-D1DD1D037C60}.Release|Any CPU.Build.0 = Release|Any CPU
		{3AA86764-E907-4097-9E32-5E9606313F1F}.Debug|Any CPU.ActiveCfg = Debug|Any CPU
		{3AA86764-E907-4097-9E32-5E9606313F1F}.Debug|Any CPU.Build.0 = Debug|Any CPU
		{3AA86764-E907-4097-9E32-5E9606313F1F}.Release|Any CPU.ActiveCfg = Release|Any CPU
		{3AA86764-E907-4097-9E32-5E9606313F1F}.Release|Any CPU.Build.0 = Release|Any CPU
		{6A2DFB53-CF82-4FDC-8B22-31220F9769D6}.Debug|Any CPU.ActiveCfg = Debug|Any CPU
		{6A2DFB53-CF82-4FDC-8B22-31220F9769D6}.Debug|Any CPU.Build.0 = Debug|Any CPU
		{6A2DFB53-CF82-4FDC-8B22-31220F9769D6}.Release|Any CPU.ActiveCfg = Release|Any CPU
		{6A2DFB53-CF82-4FDC-8B22-31220F9769D6}.Release|Any CPU.Build.0 = Release|Any CPU
		{68EF959B-0341-4EBD-ADCD-A59D958FBF60}.Debug|Any CPU.ActiveCfg = Debug|Any CPU
		{68EF959B-0341-4EBD-ADCD-A59D958FBF60}.Debug|Any CPU.Build.0 = Debug|Any CPU
		{68EF959B-0341-4EBD-ADCD-A59D958FBF60}.Release|Any CPU.ActiveCfg = Release|Any CPU
		{68EF959B-0341-4EBD-ADCD-A59D958FBF60}.Release|Any CPU.Build.0 = Release|Any CPU
		{22B781D9-7E60-4B90-9418-38CDBAB2DA85}.Debug|Any CPU.ActiveCfg = Debug|Any CPU
		{22B781D9-7E60-4B90-9418-38CDBAB2DA85}.Debug|Any CPU.Build.0 = Debug|Any CPU
		{22B781D9-7E60-4B90-9418-38CDBAB2DA85}.Release|Any CPU.ActiveCfg = Release|Any CPU
		{22B781D9-7E60-4B90-9418-38CDBAB2DA85}.Release|Any CPU.Build.0 = Release|Any CPU
	EndGlobalSection
EndGlobal
